// !$*UTF8*$!
{
	archiveVersion = 1;
	classes = {
	};
	objectVersion = 52;
	objects = {

/* Begin PBXBuildFile section */
		9E6DB5D6E56AA9B6022462E9 /* Pods_Kennys.framework in Frameworks */ = {isa = PBXBuildFile; fileRef = E0CFC2BEEC95B86AD3D008B0 /* Pods_Kennys.framework */; };
		BBCFA43726FF808500082928 /* PasswordView.swift in Sources */ = {isa = PBXBuildFile; fileRef = BBCFA43626FF808500082928 /* PasswordView.swift */; };
		BBCFA43926FF85E900082928 /* Passcode.swift in Sources */ = {isa = PBXBuildFile; fileRef = BBCFA43826FF85E900082928 /* Passcode.swift */; };
		BBCFA43B26FFA79700082928 /* TestView.swift in Sources */ = {isa = PBXBuildFile; fileRef = BBCFA43A26FFA79700082928 /* TestView.swift */; };
		BBCFA43D26FFA8A300082928 /* TestModel.swift in Sources */ = {isa = PBXBuildFile; fileRef = BBCFA43C26FFA8A300082928 /* TestModel.swift */; };
		BBE93B2A26E955DF00D51E51 /* ExpertView.swift in Sources */ = {isa = PBXBuildFile; fileRef = BBE93B2926E955DF00D51E51 /* ExpertView.swift */; };
		BBF4F5F126E2798800866758 /* AppDelegate.swift in Sources */ = {isa = PBXBuildFile; fileRef = BBF4F5F026E2798800866758 /* AppDelegate.swift */; };
		BBF4F5F326E2798800866758 /* SceneDelegate.swift in Sources */ = {isa = PBXBuildFile; fileRef = BBF4F5F226E2798800866758 /* SceneDelegate.swift */; };
		BBF4F5F526E2798800866758 /* ContentView.swift in Sources */ = {isa = PBXBuildFile; fileRef = BBF4F5F426E2798800866758 /* ContentView.swift */; };
		BBF4F5F726E2798900866758 /* Assets.xcassets in Resources */ = {isa = PBXBuildFile; fileRef = BBF4F5F626E2798900866758 /* Assets.xcassets */; };
		BBF4F5FA26E2798900866758 /* Preview Assets.xcassets in Resources */ = {isa = PBXBuildFile; fileRef = BBF4F5F926E2798900866758 /* Preview Assets.xcassets */; };
		BBF4F5FD26E2798900866758 /* LaunchScreen.storyboard in Resources */ = {isa = PBXBuildFile; fileRef = BBF4F5FB26E2798900866758 /* LaunchScreen.storyboard */; };
		BBF4F60726E27A0500866758 /* HomeView.swift in Sources */ = {isa = PBXBuildFile; fileRef = BBF4F60626E27A0500866758 /* HomeView.swift */; };
		BBF4F60A26E27A3600866758 /* CrewView.swift in Sources */ = {isa = PBXBuildFile; fileRef = BBF4F60926E27A3600866758 /* CrewView.swift */; };
		BBF4F60D26E27A5800866758 /* MenuView.swift in Sources */ = {isa = PBXBuildFile; fileRef = BBF4F60C26E27A5800866758 /* MenuView.swift */; };
		BBF4F60F26E27A8A00866758 /* FoodView.swift in Sources */ = {isa = PBXBuildFile; fileRef = BBF4F60E26E27A8A00866758 /* FoodView.swift */; };
		BBF4F61126E27A9F00866758 /* OrderView.swift in Sources */ = {isa = PBXBuildFile; fileRef = BBF4F61026E27A9F00866758 /* OrderView.swift */; };
		BBF4F61326E27ABA00866758 /* DealsView.swift in Sources */ = {isa = PBXBuildFile; fileRef = BBF4F61226E27ABA00866758 /* DealsView.swift */; };
		BBF4F61526E27ACE00866758 /* CookinView.swift in Sources */ = {isa = PBXBuildFile; fileRef = BBF4F61426E27ACE00866758 /* CookinView.swift */; };
		BBF4F61726E27B0200866758 /* FoodModel.swift in Sources */ = {isa = PBXBuildFile; fileRef = BBF4F61626E27B0200866758 /* FoodModel.swift */; };
		BBF4F61A26E27B5B00866758 /* CategoryView.swift in Sources */ = {isa = PBXBuildFile; fileRef = BBF4F61926E27B5B00866758 /* CategoryView.swift */; };
		BBF4F61C26E27B6C00866758 /* MapView.swift in Sources */ = {isa = PBXBuildFile; fileRef = BBF4F61B26E27B6C00866758 /* MapView.swift */; };
		BBF4F61F26E288AA00866758 /* iPhoneNumberField in Frameworks */ = {isa = PBXBuildFile; productRef = BBF4F61E26E288AA00866758 /* iPhoneNumberField */; };
		BBF4F62126E2A7F600866758 /* GoogleService-Info.plist in Resources */ = {isa = PBXBuildFile; fileRef = BBF4F62026E2A7F600866758 /* GoogleService-Info.plist */; };
		BBF4F62426E33C2400866758 /* Launch Screen.storyboard in Resources */ = {isa = PBXBuildFile; fileRef = BBF4F62326E33C2400866758 /* Launch Screen.storyboard */; };
		FE16C76526E6C95200DB71E2 /* kennyClipTests.swift in Sources */ = {isa = PBXBuildFile; fileRef = FE16C76426E6C95200DB71E2 /* kennyClipTests.swift */; };
		FE16C77026E6C95200DB71E2 /* kennyClipUITests.swift in Sources */ = {isa = PBXBuildFile; fileRef = FE16C76F26E6C95200DB71E2 /* kennyClipUITests.swift */; };
/* End PBXBuildFile section */

/* Begin PBXCopyFilesBuildPhase section */
		FE16C77526E6C95200DB71E2 /* Embed App Clips */ = {
			isa = PBXCopyFilesBuildPhase;
			buildActionMask = 2147483647;
			dstPath = "$(CONTENTS_FOLDER_PATH)/AppClips";
			dstSubfolderSpec = 16;
			files = (
			);
			name = "Embed App Clips";
			runOnlyForDeploymentPostprocessing = 0;
		};
/* End PBXCopyFilesBuildPhase section */

/* Begin PBXFileReference section */
		594874D000470610FBF98C06 /* Pods-Kennys.debug.xcconfig */ = {isa = PBXFileReference; includeInIndex = 1; lastKnownFileType = text.xcconfig; name = "Pods-Kennys.debug.xcconfig"; path = "Target Support Files/Pods-Kennys/Pods-Kennys.debug.xcconfig"; sourceTree = "<group>"; };
		5A6690B3D1F775B32F0E25C8 /* Pods-Kennys.release.xcconfig */ = {isa = PBXFileReference; includeInIndex = 1; lastKnownFileType = text.xcconfig; name = "Pods-Kennys.release.xcconfig"; path = "Target Support Files/Pods-Kennys/Pods-Kennys.release.xcconfig"; sourceTree = "<group>"; };
		BBCFA43626FF808500082928 /* PasswordView.swift */ = {isa = PBXFileReference; lastKnownFileType = sourcecode.swift; path = PasswordView.swift; sourceTree = "<group>"; };
		BBCFA43826FF85E900082928 /* Passcode.swift */ = {isa = PBXFileReference; lastKnownFileType = sourcecode.swift; path = Passcode.swift; sourceTree = "<group>"; };
		BBCFA43A26FFA79700082928 /* TestView.swift */ = {isa = PBXFileReference; lastKnownFileType = sourcecode.swift; path = TestView.swift; sourceTree = "<group>"; };
		BBCFA43C26FFA8A300082928 /* TestModel.swift */ = {isa = PBXFileReference; lastKnownFileType = sourcecode.swift; path = TestModel.swift; sourceTree = "<group>"; };
		BBE93B2926E955DF00D51E51 /* ExpertView.swift */ = {isa = PBXFileReference; lastKnownFileType = sourcecode.swift; path = ExpertView.swift; sourceTree = "<group>"; };
		BBF4F5ED26E2798800866758 /* Kennys.app */ = {isa = PBXFileReference; explicitFileType = wrapper.application; includeInIndex = 0; path = Kennys.app; sourceTree = BUILT_PRODUCTS_DIR; };
		BBF4F5F026E2798800866758 /* AppDelegate.swift */ = {isa = PBXFileReference; lastKnownFileType = sourcecode.swift; path = AppDelegate.swift; sourceTree = "<group>"; };
		BBF4F5F226E2798800866758 /* SceneDelegate.swift */ = {isa = PBXFileReference; lastKnownFileType = sourcecode.swift; path = SceneDelegate.swift; sourceTree = "<group>"; };
		BBF4F5F426E2798800866758 /* ContentView.swift */ = {isa = PBXFileReference; lastKnownFileType = sourcecode.swift; path = ContentView.swift; sourceTree = "<group>"; };
		BBF4F5F626E2798900866758 /* Assets.xcassets */ = {isa = PBXFileReference; lastKnownFileType = folder.assetcatalog; path = Assets.xcassets; sourceTree = "<group>"; };
		BBF4F5F926E2798900866758 /* Preview Assets.xcassets */ = {isa = PBXFileReference; lastKnownFileType = folder.assetcatalog; path = "Preview Assets.xcassets"; sourceTree = "<group>"; };
		BBF4F5FC26E2798900866758 /* Base */ = {isa = PBXFileReference; lastKnownFileType = file.storyboard; name = Base; path = Base.lproj/LaunchScreen.storyboard; sourceTree = "<group>"; };
		BBF4F5FE26E2798900866758 /* Info.plist */ = {isa = PBXFileReference; lastKnownFileType = text.plist.xml; path = Info.plist; sourceTree = "<group>"; };
		BBF4F60626E27A0500866758 /* HomeView.swift */ = {isa = PBXFileReference; lastKnownFileType = sourcecode.swift; path = HomeView.swift; sourceTree = "<group>"; };
		BBF4F60926E27A3600866758 /* CrewView.swift */ = {isa = PBXFileReference; lastKnownFileType = sourcecode.swift; path = CrewView.swift; sourceTree = "<group>"; };
		BBF4F60C26E27A5800866758 /* MenuView.swift */ = {isa = PBXFileReference; lastKnownFileType = sourcecode.swift; path = MenuView.swift; sourceTree = "<group>"; };
		BBF4F60E26E27A8A00866758 /* FoodView.swift */ = {isa = PBXFileReference; lastKnownFileType = sourcecode.swift; path = FoodView.swift; sourceTree = "<group>"; };
		BBF4F61026E27A9F00866758 /* OrderView.swift */ = {isa = PBXFileReference; lastKnownFileType = sourcecode.swift; path = OrderView.swift; sourceTree = "<group>"; };
		BBF4F61226E27ABA00866758 /* DealsView.swift */ = {isa = PBXFileReference; lastKnownFileType = sourcecode.swift; path = DealsView.swift; sourceTree = "<group>"; };
		BBF4F61426E27ACE00866758 /* CookinView.swift */ = {isa = PBXFileReference; lastKnownFileType = sourcecode.swift; path = CookinView.swift; sourceTree = "<group>"; };
		BBF4F61626E27B0200866758 /* FoodModel.swift */ = {isa = PBXFileReference; lastKnownFileType = sourcecode.swift; path = FoodModel.swift; sourceTree = "<group>"; };
		BBF4F61926E27B5B00866758 /* CategoryView.swift */ = {isa = PBXFileReference; lastKnownFileType = sourcecode.swift; path = CategoryView.swift; sourceTree = "<group>"; };
		BBF4F61B26E27B6C00866758 /* MapView.swift */ = {isa = PBXFileReference; lastKnownFileType = sourcecode.swift; path = MapView.swift; sourceTree = "<group>"; };
		BBF4F62026E2A7F600866758 /* GoogleService-Info.plist */ = {isa = PBXFileReference; fileEncoding = 4; lastKnownFileType = text.plist.xml; path = "GoogleService-Info.plist"; sourceTree = "<group>"; };
		BBF4F62226E3324D00866758 /* Kennys.entitlements */ = {isa = PBXFileReference; lastKnownFileType = text.plist.entitlements; path = Kennys.entitlements; sourceTree = "<group>"; };
		BBF4F62326E33C2400866758 /* Launch Screen.storyboard */ = {isa = PBXFileReference; lastKnownFileType = file.storyboard; path = "Launch Screen.storyboard"; sourceTree = "<group>"; };
		E0CFC2BEEC95B86AD3D008B0 /* Pods_Kennys.framework */ = {isa = PBXFileReference; explicitFileType = wrapper.framework; includeInIndex = 0; path = Pods_Kennys.framework; sourceTree = BUILT_PRODUCTS_DIR; };
		FE16C76026E6C95100DB71E2 /* kennyClipTests.xctest */ = {isa = PBXFileReference; explicitFileType = wrapper.cfbundle; includeInIndex = 0; path = kennyClipTests.xctest; sourceTree = BUILT_PRODUCTS_DIR; };
		FE16C76426E6C95200DB71E2 /* kennyClipTests.swift */ = {isa = PBXFileReference; lastKnownFileType = sourcecode.swift; path = kennyClipTests.swift; sourceTree = "<group>"; };
		FE16C76626E6C95200DB71E2 /* Info.plist */ = {isa = PBXFileReference; lastKnownFileType = text.plist.xml; path = Info.plist; sourceTree = "<group>"; };
		FE16C76B26E6C95200DB71E2 /* kennyClipUITests.xctest */ = {isa = PBXFileReference; explicitFileType = wrapper.cfbundle; includeInIndex = 0; path = kennyClipUITests.xctest; sourceTree = BUILT_PRODUCTS_DIR; };
		FE16C76F26E6C95200DB71E2 /* kennyClipUITests.swift */ = {isa = PBXFileReference; lastKnownFileType = sourcecode.swift; path = kennyClipUITests.swift; sourceTree = "<group>"; };
		FE16C77126E6C95200DB71E2 /* Info.plist */ = {isa = PBXFileReference; lastKnownFileType = text.plist.xml; path = Info.plist; sourceTree = "<group>"; };
/* End PBXFileReference section */

/* Begin PBXFrameworksBuildPhase section */
		BBF4F5EA26E2798800866758 /* Frameworks */ = {
			isa = PBXFrameworksBuildPhase;
			buildActionMask = 2147483647;
			files = (
				9E6DB5D6E56AA9B6022462E9 /* Pods_Kennys.framework in Frameworks */,
				BBF4F61F26E288AA00866758 /* iPhoneNumberField in Frameworks */,
			);
			runOnlyForDeploymentPostprocessing = 0;
		};
		FE16C75D26E6C95100DB71E2 /* Frameworks */ = {
			isa = PBXFrameworksBuildPhase;
			buildActionMask = 2147483647;
			files = (
			);
			runOnlyForDeploymentPostprocessing = 0;
		};
		FE16C76826E6C95200DB71E2 /* Frameworks */ = {
			isa = PBXFrameworksBuildPhase;
			buildActionMask = 2147483647;
			files = (
			);
			runOnlyForDeploymentPostprocessing = 0;
		};
/* End PBXFrameworksBuildPhase section */

/* Begin PBXGroup section */
		19ED9AB247F3EA115B3AB294 /* Pods */ = {
			isa = PBXGroup;
			children = (
				594874D000470610FBF98C06 /* Pods-Kennys.debug.xcconfig */,
				5A6690B3D1F775B32F0E25C8 /* Pods-Kennys.release.xcconfig */,
			);
			path = Pods;
			sourceTree = "<group>";
		};
		8ED30A1B5757607342E8F812 /* Frameworks */ = {
			isa = PBXGroup;
			children = (
				E0CFC2BEEC95B86AD3D008B0 /* Pods_Kennys.framework */,
			);
			name = Frameworks;
			sourceTree = "<group>";
		};
		BBF4F5E426E2798800866758 = {
			isa = PBXGroup;
			children = (
				BBF4F5EF26E2798800866758 /* Kennys */,
				FE16C76326E6C95200DB71E2 /* kennyClipTests */,
				FE16C76E26E6C95200DB71E2 /* kennyClipUITests */,
				BBF4F5EE26E2798800866758 /* Products */,
				19ED9AB247F3EA115B3AB294 /* Pods */,
				8ED30A1B5757607342E8F812 /* Frameworks */,
			);
			sourceTree = "<group>";
		};
		BBF4F5EE26E2798800866758 /* Products */ = {
			isa = PBXGroup;
			children = (
				BBF4F5ED26E2798800866758 /* Kennys.app */,
				FE16C76026E6C95100DB71E2 /* kennyClipTests.xctest */,
				FE16C76B26E6C95200DB71E2 /* kennyClipUITests.xctest */,
			);
			name = Products;
			sourceTree = "<group>";
		};
		BBF4F5EF26E2798800866758 /* Kennys */ = {
			isa = PBXGroup;
			children = (
				BBF4F62226E3324D00866758 /* Kennys.entitlements */,
				BBF4F60426E279BC00866758 /* App Management */,
				BBF4F61826E27B0900866758 /* Models */,
				BBF4F60526E279DE00866758 /* Runner */,
				BBF4F60826E27A0D00866758 /* Displays */,
				BBF4F5F626E2798900866758 /* Assets.xcassets */,
				BBF4F5FB26E2798900866758 /* LaunchScreen.storyboard */,
				BBF4F62026E2A7F600866758 /* GoogleService-Info.plist */,
				BBF4F5FE26E2798900866758 /* Info.plist */,
				BBF4F5F826E2798900866758 /* Preview Content */,
			);
			path = Kennys;
			sourceTree = "<group>";
		};
		BBF4F5F826E2798900866758 /* Preview Content */ = {
			isa = PBXGroup;
			children = (
				BBF4F5F926E2798900866758 /* Preview Assets.xcassets */,
			);
			path = "Preview Content";
			sourceTree = "<group>";
		};
		BBF4F60426E279BC00866758 /* App Management */ = {
			isa = PBXGroup;
			children = (
				BBF4F5F026E2798800866758 /* AppDelegate.swift */,
				BBF4F5F226E2798800866758 /* SceneDelegate.swift */,
				BBF4F62326E33C2400866758 /* Launch Screen.storyboard */,
			);
			path = "App Management";
			sourceTree = "<group>";
		};
		BBF4F60526E279DE00866758 /* Runner */ = {
			isa = PBXGroup;
			children = (
				BBF4F5F426E2798800866758 /* ContentView.swift */,
			);
			path = Runner;
			sourceTree = "<group>";
		};
		BBF4F60826E27A0D00866758 /* Displays */ = {
			isa = PBXGroup;
			children = (
				BBF4F60626E27A0500866758 /* HomeView.swift */,
				BBF4F60926E27A3600866758 /* CrewView.swift */,
				BBF4F60C26E27A5800866758 /* MenuView.swift */,
				BBF4F60E26E27A8A00866758 /* FoodView.swift */,
				BBF4F61026E27A9F00866758 /* OrderView.swift */,
				BBF4F61226E27ABA00866758 /* DealsView.swift */,
				BBF4F61426E27ACE00866758 /* CookinView.swift */,
				BBCFA43626FF808500082928 /* PasswordView.swift */,
				BBE93B2926E955DF00D51E51 /* ExpertView.swift */,
				BBCFA43A26FFA79700082928 /* TestView.swift */,
			);
			path = Displays;
			sourceTree = "<group>";
		};
		BBF4F61826E27B0900866758 /* Models */ = {
			isa = PBXGroup;
			children = (
				BBF4F61626E27B0200866758 /* FoodModel.swift */,
				BBCFA43826FF85E900082928 /* Passcode.swift */,
				BBCFA43C26FFA8A300082928 /* TestModel.swift */,
				BBF4F61926E27B5B00866758 /* CategoryView.swift */,
				BBF4F61B26E27B6C00866758 /* MapView.swift */,
			);
			path = Models;
			sourceTree = "<group>";
		};
		FE16C76326E6C95200DB71E2 /* kennyClipTests */ = {
			isa = PBXGroup;
			children = (
				FE16C76426E6C95200DB71E2 /* kennyClipTests.swift */,
				FE16C76626E6C95200DB71E2 /* Info.plist */,
			);
			path = kennyClipTests;
			sourceTree = "<group>";
		};
		FE16C76E26E6C95200DB71E2 /* kennyClipUITests */ = {
			isa = PBXGroup;
			children = (
				FE16C76F26E6C95200DB71E2 /* kennyClipUITests.swift */,
				FE16C77126E6C95200DB71E2 /* Info.plist */,
			);
			path = kennyClipUITests;
			sourceTree = "<group>";
		};
/* End PBXGroup section */

/* Begin PBXNativeTarget section */
		BBF4F5EC26E2798800866758 /* Kennys */ = {
			isa = PBXNativeTarget;
			buildConfigurationList = BBF4F60126E2798900866758 /* Build configuration list for PBXNativeTarget "Kennys" */;
			buildPhases = (
				56620616A6F39011E04E3421 /* [CP] Check Pods Manifest.lock */,
				BBF4F5E926E2798800866758 /* Sources */,
				BBF4F5EA26E2798800866758 /* Frameworks */,
				BBF4F5EB26E2798800866758 /* Resources */,
				FE16C77526E6C95200DB71E2 /* Embed App Clips */,
				C0CA4346FD78AE60E3DF7BD5 /* [CP] Embed Pods Frameworks */,
			);
			buildRules = (
			);
			dependencies = (
			);
			name = Kennys;
			packageProductDependencies = (
				BBF4F61E26E288AA00866758 /* iPhoneNumberField */,
			);
			productName = Kennys;
			productReference = BBF4F5ED26E2798800866758 /* Kennys.app */;
			productType = "com.apple.product-type.application";
		};
		FE16C75F26E6C95100DB71E2 /* kennyClipTests */ = {
			isa = PBXNativeTarget;
			buildConfigurationList = FE16C77D26E6C95200DB71E2 /* Build configuration list for PBXNativeTarget "kennyClipTests" */;
			buildPhases = (
				FE16C75C26E6C95100DB71E2 /* Sources */,
				FE16C75D26E6C95100DB71E2 /* Frameworks */,
				FE16C75E26E6C95100DB71E2 /* Resources */,
			);
			buildRules = (
			);
			dependencies = (
			);
			name = kennyClipTests;
			productName = kennyClipTests;
			productReference = FE16C76026E6C95100DB71E2 /* kennyClipTests.xctest */;
			productType = "com.apple.product-type.bundle.unit-test";
		};
		FE16C76A26E6C95200DB71E2 /* kennyClipUITests */ = {
			isa = PBXNativeTarget;
			buildConfigurationList = FE16C77E26E6C95200DB71E2 /* Build configuration list for PBXNativeTarget "kennyClipUITests" */;
			buildPhases = (
				FE16C76726E6C95200DB71E2 /* Sources */,
				FE16C76826E6C95200DB71E2 /* Frameworks */,
				FE16C76926E6C95200DB71E2 /* Resources */,
			);
			buildRules = (
			);
			dependencies = (
			);
			name = kennyClipUITests;
			productName = kennyClipUITests;
			productReference = FE16C76B26E6C95200DB71E2 /* kennyClipUITests.xctest */;
			productType = "com.apple.product-type.bundle.ui-testing";
		};
/* End PBXNativeTarget section */

/* Begin PBXProject section */
		BBF4F5E526E2798800866758 /* Project object */ = {
			isa = PBXProject;
			attributes = {
				LastSwiftUpdateCheck = 1250;
				LastUpgradeCheck = 1250;
				TargetAttributes = {
					BBF4F5EC26E2798800866758 = {
						CreatedOnToolsVersion = 12.5.1;
					};
					FE16C75F26E6C95100DB71E2 = {
						CreatedOnToolsVersion = 12.5.1;
						TestTargetID = FE16C74E26E6C95000DB71E2;
					};
					FE16C76A26E6C95200DB71E2 = {
						CreatedOnToolsVersion = 12.5.1;
						TestTargetID = FE16C74E26E6C95000DB71E2;
					};
				};
			};
			buildConfigurationList = BBF4F5E826E2798800866758 /* Build configuration list for PBXProject "Kennys" */;
			compatibilityVersion = "Xcode 9.3";
			developmentRegion = en;
			hasScannedForEncodings = 0;
			knownRegions = (
				en,
				Base,
			);
			mainGroup = BBF4F5E426E2798800866758;
			packageReferences = (
				BBF4F61D26E288AA00866758 /* XCRemoteSwiftPackageReference "iPhoneNumberField" */,
			);
			productRefGroup = BBF4F5EE26E2798800866758 /* Products */;
			projectDirPath = "";
			projectRoot = "";
			targets = (
				BBF4F5EC26E2798800866758 /* Kennys */,
				FE16C75F26E6C95100DB71E2 /* kennyClipTests */,
				FE16C76A26E6C95200DB71E2 /* kennyClipUITests */,
			);
		};
/* End PBXProject section */

/* Begin PBXResourcesBuildPhase section */
		BBF4F5EB26E2798800866758 /* Resources */ = {
			isa = PBXResourcesBuildPhase;
			buildActionMask = 2147483647;
			files = (
				BBF4F5FD26E2798900866758 /* LaunchScreen.storyboard in Resources */,
				BBF4F62126E2A7F600866758 /* GoogleService-Info.plist in Resources */,
				BBF4F5FA26E2798900866758 /* Preview Assets.xcassets in Resources */,
				BBF4F62426E33C2400866758 /* Launch Screen.storyboard in Resources */,
				BBF4F5F726E2798900866758 /* Assets.xcassets in Resources */,
			);
			runOnlyForDeploymentPostprocessing = 0;
		};
		FE16C75E26E6C95100DB71E2 /* Resources */ = {
			isa = PBXResourcesBuildPhase;
			buildActionMask = 2147483647;
			files = (
			);
			runOnlyForDeploymentPostprocessing = 0;
		};
		FE16C76926E6C95200DB71E2 /* Resources */ = {
			isa = PBXResourcesBuildPhase;
			buildActionMask = 2147483647;
			files = (
			);
			runOnlyForDeploymentPostprocessing = 0;
		};
/* End PBXResourcesBuildPhase section */

/* Begin PBXShellScriptBuildPhase section */
		56620616A6F39011E04E3421 /* [CP] Check Pods Manifest.lock */ = {
			isa = PBXShellScriptBuildPhase;
			buildActionMask = 2147483647;
			files = (
			);
			inputFileListPaths = (
			);
			inputPaths = (
				"${PODS_PODFILE_DIR_PATH}/Podfile.lock",
				"${PODS_ROOT}/Manifest.lock",
			);
			name = "[CP] Check Pods Manifest.lock";
			outputFileListPaths = (
			);
			outputPaths = (
				"$(DERIVED_FILE_DIR)/Pods-Kennys-checkManifestLockResult.txt",
			);
			runOnlyForDeploymentPostprocessing = 0;
			shellPath = /bin/sh;
			shellScript = "diff \"${PODS_PODFILE_DIR_PATH}/Podfile.lock\" \"${PODS_ROOT}/Manifest.lock\" > /dev/null\nif [ $? != 0 ] ; then\n    # print error to STDERR\n    echo \"error: The sandbox is not in sync with the Podfile.lock. Run 'pod install' or update your CocoaPods installation.\" >&2\n    exit 1\nfi\n# This output is used by Xcode 'outputs' to avoid re-running this script phase.\necho \"SUCCESS\" > \"${SCRIPT_OUTPUT_FILE_0}\"\n";
			showEnvVarsInLog = 0;
		};
		C0CA4346FD78AE60E3DF7BD5 /* [CP] Embed Pods Frameworks */ = {
			isa = PBXShellScriptBuildPhase;
			buildActionMask = 2147483647;
			files = (
			);
			inputFileListPaths = (
				"${PODS_ROOT}/Target Support Files/Pods-Kennys/Pods-Kennys-frameworks-${CONFIGURATION}-input-files.xcfilelist",
			);
			name = "[CP] Embed Pods Frameworks";
			outputFileListPaths = (
				"${PODS_ROOT}/Target Support Files/Pods-Kennys/Pods-Kennys-frameworks-${CONFIGURATION}-output-files.xcfilelist",
			);
			runOnlyForDeploymentPostprocessing = 0;
			shellPath = /bin/sh;
			shellScript = "\"${PODS_ROOT}/Target Support Files/Pods-Kennys/Pods-Kennys-frameworks.sh\"\n";
			showEnvVarsInLog = 0;
		};
/* End PBXShellScriptBuildPhase section */

/* Begin PBXSourcesBuildPhase section */
		BBF4F5E926E2798800866758 /* Sources */ = {
			isa = PBXSourcesBuildPhase;
			buildActionMask = 2147483647;
			files = (
				BBF4F60A26E27A3600866758 /* CrewView.swift in Sources */,
				BBF4F61126E27A9F00866758 /* OrderView.swift in Sources */,
				BBF4F61A26E27B5B00866758 /* CategoryView.swift in Sources */,
				BBCFA43D26FFA8A300082928 /* TestModel.swift in Sources */,
				BBF4F61726E27B0200866758 /* FoodModel.swift in Sources */,
				BBF4F61C26E27B6C00866758 /* MapView.swift in Sources */,
				BBF4F60D26E27A5800866758 /* MenuView.swift in Sources */,
				BBF4F60F26E27A8A00866758 /* FoodView.swift in Sources */,
				BBF4F5F126E2798800866758 /* AppDelegate.swift in Sources */,
				BBCFA43B26FFA79700082928 /* TestView.swift in Sources */,
				BBE93B2A26E955DF00D51E51 /* ExpertView.swift in Sources */,
				BBF4F60726E27A0500866758 /* HomeView.swift in Sources */,
				BBCFA43726FF808500082928 /* PasswordView.swift in Sources */,
				BBCFA43926FF85E900082928 /* Passcode.swift in Sources */,
				BBF4F5F326E2798800866758 /* SceneDelegate.swift in Sources */,
				BBF4F61526E27ACE00866758 /* CookinView.swift in Sources */,
				BBF4F61326E27ABA00866758 /* DealsView.swift in Sources */,
				BBF4F5F526E2798800866758 /* ContentView.swift in Sources */,
			);
			runOnlyForDeploymentPostprocessing = 0;
		};
		FE16C75C26E6C95100DB71E2 /* Sources */ = {
			isa = PBXSourcesBuildPhase;
			buildActionMask = 2147483647;
			files = (
				FE16C76526E6C95200DB71E2 /* kennyClipTests.swift in Sources */,
			);
			runOnlyForDeploymentPostprocessing = 0;
		};
		FE16C76726E6C95200DB71E2 /* Sources */ = {
			isa = PBXSourcesBuildPhase;
			buildActionMask = 2147483647;
			files = (
				FE16C77026E6C95200DB71E2 /* kennyClipUITests.swift in Sources */,
			);
			runOnlyForDeploymentPostprocessing = 0;
		};
/* End PBXSourcesBuildPhase section */

/* Begin PBXVariantGroup section */
		BBF4F5FB26E2798900866758 /* LaunchScreen.storyboard */ = {
			isa = PBXVariantGroup;
			children = (
				BBF4F5FC26E2798900866758 /* Base */,
			);
			name = LaunchScreen.storyboard;
			sourceTree = "<group>";
		};
/* End PBXVariantGroup section */

/* Begin XCBuildConfiguration section */
		BBF4F5FF26E2798900866758 /* Debug */ = {
			isa = XCBuildConfiguration;
			buildSettings = {
				ALWAYS_SEARCH_USER_PATHS = NO;
				CLANG_ANALYZER_NONNULL = YES;
				CLANG_ANALYZER_NUMBER_OBJECT_CONVERSION = YES_AGGRESSIVE;
				CLANG_CXX_LANGUAGE_STANDARD = "gnu++14";
				CLANG_CXX_LIBRARY = "libc++";
				CLANG_ENABLE_MODULES = YES;
				CLANG_ENABLE_OBJC_ARC = YES;
				CLANG_ENABLE_OBJC_WEAK = YES;
				CLANG_WARN_BLOCK_CAPTURE_AUTORELEASING = YES;
				CLANG_WARN_BOOL_CONVERSION = YES;
				CLANG_WARN_COMMA = YES;
				CLANG_WARN_CONSTANT_CONVERSION = YES;
				CLANG_WARN_DEPRECATED_OBJC_IMPLEMENTATIONS = YES;
				CLANG_WARN_DIRECT_OBJC_ISA_USAGE = YES_ERROR;
				CLANG_WARN_DOCUMENTATION_COMMENTS = YES;
				CLANG_WARN_EMPTY_BODY = YES;
				CLANG_WARN_ENUM_CONVERSION = YES;
				CLANG_WARN_INFINITE_RECURSION = YES;
				CLANG_WARN_INT_CONVERSION = YES;
				CLANG_WARN_NON_LITERAL_NULL_CONVERSION = YES;
				CLANG_WARN_OBJC_IMPLICIT_RETAIN_SELF = YES;
				CLANG_WARN_OBJC_LITERAL_CONVERSION = YES;
				CLANG_WARN_OBJC_ROOT_CLASS = YES_ERROR;
				CLANG_WARN_QUOTED_INCLUDE_IN_FRAMEWORK_HEADER = YES;
				CLANG_WARN_RANGE_LOOP_ANALYSIS = YES;
				CLANG_WARN_STRICT_PROTOTYPES = YES;
				CLANG_WARN_SUSPICIOUS_MOVE = YES;
				CLANG_WARN_UNGUARDED_AVAILABILITY = YES_AGGRESSIVE;
				CLANG_WARN_UNREACHABLE_CODE = YES;
				CLANG_WARN__DUPLICATE_METHOD_MATCH = YES;
				COPY_PHASE_STRIP = NO;
				DEBUG_INFORMATION_FORMAT = dwarf;
				ENABLE_STRICT_OBJC_MSGSEND = YES;
				ENABLE_TESTABILITY = YES;
				GCC_C_LANGUAGE_STANDARD = gnu11;
				GCC_DYNAMIC_NO_PIC = NO;
				GCC_NO_COMMON_BLOCKS = YES;
				GCC_OPTIMIZATION_LEVEL = 0;
				GCC_PREPROCESSOR_DEFINITIONS = (
					"DEBUG=1",
					"$(inherited)",
				);
				GCC_WARN_64_TO_32_BIT_CONVERSION = YES;
				GCC_WARN_ABOUT_RETURN_TYPE = YES_ERROR;
				GCC_WARN_UNDECLARED_SELECTOR = YES;
				GCC_WARN_UNINITIALIZED_AUTOS = YES_AGGRESSIVE;
				GCC_WARN_UNUSED_FUNCTION = YES;
				GCC_WARN_UNUSED_VARIABLE = YES;
				IPHONEOS_DEPLOYMENT_TARGET = 14.5;
				MTL_ENABLE_DEBUG_INFO = INCLUDE_SOURCE;
				MTL_FAST_MATH = YES;
				ONLY_ACTIVE_ARCH = YES;
				SDKROOT = iphoneos;
				SWIFT_ACTIVE_COMPILATION_CONDITIONS = DEBUG;
				SWIFT_OPTIMIZATION_LEVEL = "-Onone";
			};
			name = Debug;
		};
		BBF4F60026E2798900866758 /* Release */ = {
			isa = XCBuildConfiguration;
			buildSettings = {
				ALWAYS_SEARCH_USER_PATHS = NO;
				CLANG_ANALYZER_NONNULL = YES;
				CLANG_ANALYZER_NUMBER_OBJECT_CONVERSION = YES_AGGRESSIVE;
				CLANG_CXX_LANGUAGE_STANDARD = "gnu++14";
				CLANG_CXX_LIBRARY = "libc++";
				CLANG_ENABLE_MODULES = YES;
				CLANG_ENABLE_OBJC_ARC = YES;
				CLANG_ENABLE_OBJC_WEAK = YES;
				CLANG_WARN_BLOCK_CAPTURE_AUTORELEASING = YES;
				CLANG_WARN_BOOL_CONVERSION = YES;
				CLANG_WARN_COMMA = YES;
				CLANG_WARN_CONSTANT_CONVERSION = YES;
				CLANG_WARN_DEPRECATED_OBJC_IMPLEMENTATIONS = YES;
				CLANG_WARN_DIRECT_OBJC_ISA_USAGE = YES_ERROR;
				CLANG_WARN_DOCUMENTATION_COMMENTS = YES;
				CLANG_WARN_EMPTY_BODY = YES;
				CLANG_WARN_ENUM_CONVERSION = YES;
				CLANG_WARN_INFINITE_RECURSION = YES;
				CLANG_WARN_INT_CONVERSION = YES;
				CLANG_WARN_NON_LITERAL_NULL_CONVERSION = YES;
				CLANG_WARN_OBJC_IMPLICIT_RETAIN_SELF = YES;
				CLANG_WARN_OBJC_LITERAL_CONVERSION = YES;
				CLANG_WARN_OBJC_ROOT_CLASS = YES_ERROR;
				CLANG_WARN_QUOTED_INCLUDE_IN_FRAMEWORK_HEADER = YES;
				CLANG_WARN_RANGE_LOOP_ANALYSIS = YES;
				CLANG_WARN_STRICT_PROTOTYPES = YES;
				CLANG_WARN_SUSPICIOUS_MOVE = YES;
				CLANG_WARN_UNGUARDED_AVAILABILITY = YES_AGGRESSIVE;
				CLANG_WARN_UNREACHABLE_CODE = YES;
				CLANG_WARN__DUPLICATE_METHOD_MATCH = YES;
				COPY_PHASE_STRIP = NO;
				DEBUG_INFORMATION_FORMAT = "dwarf-with-dsym";
				ENABLE_NS_ASSERTIONS = NO;
				ENABLE_STRICT_OBJC_MSGSEND = YES;
				GCC_C_LANGUAGE_STANDARD = gnu11;
				GCC_NO_COMMON_BLOCKS = YES;
				GCC_WARN_64_TO_32_BIT_CONVERSION = YES;
				GCC_WARN_ABOUT_RETURN_TYPE = YES_ERROR;
				GCC_WARN_UNDECLARED_SELECTOR = YES;
				GCC_WARN_UNINITIALIZED_AUTOS = YES_AGGRESSIVE;
				GCC_WARN_UNUSED_FUNCTION = YES;
				GCC_WARN_UNUSED_VARIABLE = YES;
				IPHONEOS_DEPLOYMENT_TARGET = 14.5;
				MTL_ENABLE_DEBUG_INFO = NO;
				MTL_FAST_MATH = YES;
				SDKROOT = iphoneos;
				SWIFT_COMPILATION_MODE = wholemodule;
				SWIFT_OPTIMIZATION_LEVEL = "-O";
				VALIDATE_PRODUCT = YES;
			};
			name = Release;
		};
		BBF4F60226E2798900866758 /* Debug */ = {
			isa = XCBuildConfiguration;
			baseConfigurationReference = 594874D000470610FBF98C06 /* Pods-Kennys.debug.xcconfig */;
			buildSettings = {
				ALWAYS_EMBED_SWIFT_STANDARD_LIBRARIES = YES;
				ASSETCATALOG_COMPILER_APPICON_NAME = AppIcon;
				ASSETCATALOG_COMPILER_GLOBAL_ACCENT_COLOR_NAME = AccentColor;
				CODE_SIGN_ENTITLEMENTS = Kennys/Kennys.entitlements;
				CODE_SIGN_STYLE = Automatic;
				CURRENT_PROJECT_VERSION = 6;
				DEVELOPMENT_ASSET_PATHS = "\"Kennys/Preview Content\"";
				DEVELOPMENT_TEAM = J3FB3HVY3D;
				ENABLE_PREVIEWS = YES;
				INFOPLIST_FILE = Kennys/Info.plist;
				LD_RUNPATH_SEARCH_PATHS = (
					"$(inherited)",
					"@executable_path/Frameworks",
				);
				MARKETING_VERSION = 1.2;
				PRODUCT_BUNDLE_IDENTIFIER = com.kennysburgerjoint.Kennys;
				PRODUCT_NAME = "$(TARGET_NAME)";
				SWIFT_VERSION = 5.0;
				TARGETED_DEVICE_FAMILY = "1,2";
			};
			name = Debug;
		};
		BBF4F60326E2798900866758 /* Release */ = {
			isa = XCBuildConfiguration;
			baseConfigurationReference = 5A6690B3D1F775B32F0E25C8 /* Pods-Kennys.release.xcconfig */;
			buildSettings = {
				ALWAYS_EMBED_SWIFT_STANDARD_LIBRARIES = YES;
				ASSETCATALOG_COMPILER_APPICON_NAME = AppIcon;
				ASSETCATALOG_COMPILER_GLOBAL_ACCENT_COLOR_NAME = AccentColor;
				CODE_SIGN_ENTITLEMENTS = Kennys/Kennys.entitlements;
				CODE_SIGN_STYLE = Automatic;
				CURRENT_PROJECT_VERSION = 6;
				DEVELOPMENT_ASSET_PATHS = "\"Kennys/Preview Content\"";
				DEVELOPMENT_TEAM = J3FB3HVY3D;
				ENABLE_PREVIEWS = YES;
				INFOPLIST_FILE = Kennys/Info.plist;
				LD_RUNPATH_SEARCH_PATHS = (
					"$(inherited)",
					"@executable_path/Frameworks",
				);
				MARKETING_VERSION = 1.2;
				PRODUCT_BUNDLE_IDENTIFIER = com.kennysburgerjoint.Kennys;
				PRODUCT_NAME = "$(TARGET_NAME)";
				SWIFT_VERSION = 5.0;
				TARGETED_DEVICE_FAMILY = "1,2";
			};
			name = Release;
		};
		FE16C77826E6C95200DB71E2 /* Debug */ = {
			isa = XCBuildConfiguration;
			buildSettings = {
				ALWAYS_EMBED_SWIFT_STANDARD_LIBRARIES = YES;
				BUNDLE_LOADER = "$(TEST_HOST)";
				CODE_SIGN_STYLE = Automatic;
				DEVELOPMENT_TEAM = J3FB3HVY3D;
				INFOPLIST_FILE = kennyClipTests/Info.plist;
				IPHONEOS_DEPLOYMENT_TARGET = 14.0;
				LD_RUNPATH_SEARCH_PATHS = (
					"$(inherited)",
					"@executable_path/Frameworks",
					"@loader_path/Frameworks",
				);
				PRODUCT_BUNDLE_IDENTIFIER = com.kennysburgerjoint.Kennys.kennyClipTests;
				PRODUCT_NAME = "$(TARGET_NAME)";
				SWIFT_VERSION = 5.0;
				TARGETED_DEVICE_FAMILY = "1,2";
				TEST_HOST = "$(BUILT_PRODUCTS_DIR)/kennyClip.app/kennyClip";
			};
			name = Debug;
		};
		FE16C77926E6C95200DB71E2 /* Release */ = {
			isa = XCBuildConfiguration;
			buildSettings = {
				ALWAYS_EMBED_SWIFT_STANDARD_LIBRARIES = YES;
				BUNDLE_LOADER = "$(TEST_HOST)";
				CODE_SIGN_STYLE = Automatic;
				DEVELOPMENT_TEAM = J3FB3HVY3D;
				INFOPLIST_FILE = kennyClipTests/Info.plist;
				IPHONEOS_DEPLOYMENT_TARGET = 14.0;
				LD_RUNPATH_SEARCH_PATHS = (
					"$(inherited)",
					"@executable_path/Frameworks",
					"@loader_path/Frameworks",
				);
				PRODUCT_BUNDLE_IDENTIFIER = com.kennysburgerjoint.Kennys.kennyClipTests;
				PRODUCT_NAME = "$(TARGET_NAME)";
				SWIFT_VERSION = 5.0;
				TARGETED_DEVICE_FAMILY = "1,2";
				TEST_HOST = "$(BUILT_PRODUCTS_DIR)/kennyClip.app/kennyClip";
			};
			name = Release;
		};
		FE16C77A26E6C95200DB71E2 /* Debug */ = {
			isa = XCBuildConfiguration;
			buildSettings = {
				ALWAYS_EMBED_SWIFT_STANDARD_LIBRARIES = YES;
				CODE_SIGN_STYLE = Automatic;
				DEVELOPMENT_TEAM = J3FB3HVY3D;
				INFOPLIST_FILE = kennyClipUITests/Info.plist;
				LD_RUNPATH_SEARCH_PATHS = (
					"$(inherited)",
					"@executable_path/Frameworks",
					"@loader_path/Frameworks",
				);
				PRODUCT_BUNDLE_IDENTIFIER = com.kennysburgerjoint.Kennys.kennyClipUITests;
				PRODUCT_NAME = "$(TARGET_NAME)";
				SWIFT_VERSION = 5.0;
				TARGETED_DEVICE_FAMILY = "1,2";
				TEST_TARGET_NAME = kennyClip;
			};
			name = Debug;
		};
		FE16C77B26E6C95200DB71E2 /* Release */ = {
			isa = XCBuildConfiguration;
			buildSettings = {
				ALWAYS_EMBED_SWIFT_STANDARD_LIBRARIES = YES;
				CODE_SIGN_STYLE = Automatic;
				DEVELOPMENT_TEAM = J3FB3HVY3D;
				INFOPLIST_FILE = kennyClipUITests/Info.plist;
				LD_RUNPATH_SEARCH_PATHS = (
					"$(inherited)",
					"@executable_path/Frameworks",
					"@loader_path/Frameworks",
				);
				PRODUCT_BUNDLE_IDENTIFIER = com.kennysburgerjoint.Kennys.kennyClipUITests;
				PRODUCT_NAME = "$(TARGET_NAME)";
				SWIFT_VERSION = 5.0;
				TARGETED_DEVICE_FAMILY = "1,2";
				TEST_TARGET_NAME = kennyClip;
			};
			name = Release;
		};
/* End XCBuildConfiguration section */

/* Begin XCConfigurationList section */
		BBF4F5E826E2798800866758 /* Build configuration list for PBXProject "Kennys" */ = {
			isa = XCConfigurationList;
			buildConfigurations = (
				BBF4F5FF26E2798900866758 /* Debug */,
				BBF4F60026E2798900866758 /* Release */,
			);
			defaultConfigurationIsVisible = 0;
			defaultConfigurationName = Release;
		};
		BBF4F60126E2798900866758 /* Build configuration list for PBXNativeTarget "Kennys" */ = {
			isa = XCConfigurationList;
			buildConfigurations = (
				BBF4F60226E2798900866758 /* Debug */,
				BBF4F60326E2798900866758 /* Release */,
			);
			defaultConfigurationIsVisible = 0;
			defaultConfigurationName = Release;
		};
		FE16C77D26E6C95200DB71E2 /* Build configuration list for PBXNativeTarget "kennyClipTests" */ = {
			isa = XCConfigurationList;
			buildConfigurations = (
				FE16C77826E6C95200DB71E2 /* Debug */,
				FE16C77926E6C95200DB71E2 /* Release */,
			);
			defaultConfigurationIsVisible = 0;
			defaultConfigurationName = Release;
		};
		FE16C77E26E6C95200DB71E2 /* Build configuration list for PBXNativeTarget "kennyClipUITests" */ = {
			isa = XCConfigurationList;
			buildConfigurations = (
				FE16C77A26E6C95200DB71E2 /* Debug */,
				FE16C77B26E6C95200DB71E2 /* Release */,
			);
			defaultConfigurationIsVisible = 0;
			defaultConfigurationName = Release;
		};
/* End XCConfigurationList section */

/* Begin XCRemoteSwiftPackageReference section */
		BBF4F61D26E288AA00866758 /* XCRemoteSwiftPackageReference "iPhoneNumberField" */ = {
			isa = XCRemoteSwiftPackageReference;
			repositoryURL = "https://github.com/MojtabaHs/iPhoneNumberField";
			requirement = {
				kind = upToNextMajorVersion;
				minimumVersion = 0.6.1;
			};
		};
/* End XCRemoteSwiftPackageReference section */

/* Begin XCSwiftPackageProductDependency section */
		BBF4F61E26E288AA00866758 /* iPhoneNumberField */ = {
			isa = XCSwiftPackageProductDependency;
			package = BBF4F61D26E288AA00866758 /* XCRemoteSwiftPackageReference "iPhoneNumberField" */;
			productName = iPhoneNumberField;
		};
/* End XCSwiftPackageProductDependency section */
	};
	rootObject = BBF4F5E526E2798800866758 /* Project object */;
}
